{
  "name": "instagram-clone",
  "lockfileVersion": 3,
  "requires": true,
  "packages": {
    "": {
      "dependencies": {
        "@types/dexie": "^1.3.1",
        "dexie": "^4.0.1"
      }
    },
    "node_modules/@types/dexie": {
      "version": "1.3.1",
      "resolved": "https://registry.npmjs.org/@types/dexie/-/dexie-1.3.1.tgz",
      "integrity": "sha512-f4Gpv89MCwEl1r9LbLLHXzT2qduVUNfyj/sINrY7MXqZvSEGYZwEWLIUAnVD44YPt5/0tkNSK6wbyhpb9iF47A==",
      "deprecated": "This is a stub types definition for Dexie.js (https://github.com/dfahlander/Dexie.js). Dexie.js provides its own type definitions, so you don't need @types/dexie installed!",
      "dependencies": {
        "dexie": "*"
      }
    },
    "node_modules/dexie": {
      "version": "4.0.1",
      "resolved": "https://registry.npmjs.org/dexie/-/dexie-4.0.1.tgz",
      "integrity": "sha512-wSNn+TcCh+DuE2pdg058K3MhxA4g+IiZlW7yGz4cMd/t3z2rJXZcV3HDxZljbrICU2Iq0qY4UHnbolTMK/+bcA=="
    }
  }
}
